
Microsoft Visual Studio Solution File, Format Version 12.00
Project("{FAE04EC0-301F-11D3-BF4B-00C04F79EFBC}") = "TroykaCap", "TroykaCap\TroykaCap.csproj", "{2BEB02C1-B5DD-4959-9CBE-13DA0BDEE184}"
EndProject
Project("{FAE04EC0-301F-11D3-BF4B-00C04F79EFBC}") = "TroykaCap.Playground", "TroykaCap.Playground\TroykaCap.Playground.csproj", "{D0B2634C-4B1A-422B-8FA5-19409F24DA77}"
EndProject
Global
	GlobalSection(SolutionConfigurationPlatforms) = preSolution
		Debug|Any CPU = Debug|Any CPU
		Release|Any CPU = Release|Any CPU
	EndGlobalSection
	GlobalSection(ProjectConfigurationPlatforms) = postSolution
		{2BEB02C1-B5DD-4959-9CBE-13DA0BDEE184}.Debug|Any CPU.ActiveCfg = Debug|Any CPU
		{2BEB02C1-B5DD-4959-9CBE-13DA0BDEE184}.Debug|Any CPU.Build.0 = Debug|Any CPU
		{2BEB02C1-B5DD-4959-9CBE-13DA0BDEE184}.Release|Any CPU.ActiveCfg = Release|Any CPU
		{2BEB02C1-B5DD-4959-9CBE-13DA0BDEE184}.Release|Any CPU.Build.0 = Release|Any CPU
		{D0B2634C-4B1A-422B-8FA5-19409F24DA77}.Debug|Any CPU.ActiveCfg = Debug|Any CPU
		{D0B2634C-4B1A-422B-8FA5-19409F24DA77}.Debug|Any CPU.Build.0 = Debug|Any CPU
		{D0B2634C-4B1A-422B-8FA5-19409F24DA77}.Release|Any CPU.ActiveCfg = Release|Any CPU
		{D0B2634C-4B1A-422B-8FA5-19409F24DA77}.Release|Any CPU.Build.0 = Release|Any CPU
	EndGlobalSection
EndGlobal
